<?xml version="1.0" encoding="utf-8"?>
<Project ToolsVersion="4.0" xmlns="http://schemas.microsoft.com/developer/msbuild/2003">
  <ItemGroup>
    <Filter Include="资源文件">
      <UniqueIdentifier>{67DA6AB6-F800-4c08-8B7A-83BB121AAD01}</UniqueIdentifier>
      <Extensions>rc;ico;cur;bmp;dlg;rc2;rct;bin;rgs;gif;jpg;jpeg;jpe;resx;tiff;tif;png;wav;mfcribbon-ms</Extensions>
    </Filter>
    <Filter Include="Window">
      <UniqueIdentifier>{b21bc945-053c-4a5b-bd97-9bf33f0600f9}</UniqueIdentifier>
    </Filter>
    <Filter Include="Window\Header">
      <UniqueIdentifier>{24d7dd1a-7bd5-40dc-a494-dd104bd10a62}</UniqueIdentifier>
    </Filter>
    <Filter Include="Window\Source">
      <UniqueIdentifier>{a1d6465b-3b13-420c-9bfc-dfb0243319aa}</UniqueIdentifier>
    </Filter>
    <Filter Include="Source">
      <UniqueIdentifier>{a1a618d6-99a2-417c-9983-9ee30b8594d0}</UniqueIdentifier>
    </Filter>
    <Filter Include="Renderer">
      <UniqueIdentifier>{f4e3b589-597e-4009-b449-15cc2f3bb7cc}</UniqueIdentifier>
    </Filter>
    <Filter Include="Core">
      <UniqueIdentifier>{88eaefb5-2069-485f-9043-37684750c8aa}</UniqueIdentifier>
    </Filter>
    <Filter Include="Scene">
      <UniqueIdentifier>{c1c9e2e9-267a-424b-82d8-7bfb5b41f109}</UniqueIdentifier>
    </Filter>
    <Filter Include="Core\Header">
      <UniqueIdentifier>{487f503d-9597-45ac-8520-a789579372d0}</UniqueIdentifier>
    </Filter>
    <Filter Include="Core\Source">
      <UniqueIdentifier>{067b76aa-b4d0-4edb-85b9-ba46ac220f10}</UniqueIdentifier>
    </Filter>
    <Filter Include="Scene\Header">
      <UniqueIdentifier>{c514dc00-123e-42b0-b96b-96e98cfd5a20}</UniqueIdentifier>
    </Filter>
    <Filter Include="Scene\Source">
      <UniqueIdentifier>{11cf7cb5-4cdf-4072-b0d1-7d5d26c1e66d}</UniqueIdentifier>
    </Filter>
    <Filter Include="Renderer\Header">
      <UniqueIdentifier>{90e83e0e-0f31-4012-b9a0-7aba281d4728}</UniqueIdentifier>
    </Filter>
    <Filter Include="Renderer\Source">
      <UniqueIdentifier>{c21d19e7-12a4-49d6-aedf-116c891e7b4f}</UniqueIdentifier>
    </Filter>
  </ItemGroup>
  <ItemGroup>
    <ClInclude Include="Window\events.h">
      <Filter>Window\Header</Filter>
    </ClInclude>
    <ClInclude Include="stdafx.h">
      <Filter>Source</Filter>
    </ClInclude>
    <ClInclude Include="Window\WinApp.h">
      <Filter>Window\Header</Filter>
    </ClInclude>
    <ClInclude Include="Core\Mat4.h">
      <Filter>Core\Header</Filter>
    </ClInclude>
    <ClInclude Include="Core\Vec4.h">
      <Filter>Core\Header</Filter>
    </ClInclude>
    <ClInclude Include="Core\Vec2.h">
      <Filter>Core\Header</Filter>
    </ClInclude>
    <ClInclude Include="Core\Vec3.h">
      <Filter>Core\Header</Filter>
    </ClInclude>
    <ClInclude Include="Scene\Scene.h">
      <Filter>Scene\Header</Filter>
    </ClInclude>
    <ClInclude Include="Scene\Camera.h">
      <Filter>Scene\Header</Filter>
    </ClInclude>
    <ClInclude Include="Renderer\Context.h">
      <Filter>Renderer\Header</Filter>
    </ClInclude>
    <ClInclude Include="Core\Triangle.h">
      <Filter>Core\Header</Filter>
    </ClInclude>
    <ClInclude Include="Core\MathUtils.h">
      <Filter>Core\Header</Filter>
    </ClInclude>
    <ClInclude Include="Renderer\Texture.h">
      <Filter>Renderer\Header</Filter>
    </ClInclude>
    <ClInclude Include="Renderer\ShadingData.h">
      <Filter>Renderer\Header</Filter>
    </ClInclude>
    <ClInclude Include="Core\Timer.h">
      <Filter>Core\Header</Filter>
    </ClInclude>
  </ItemGroup>
  <ItemGroup>
    <ClCompile Include="Window\events.cpp">
      <Filter>Window\Source</Filter>
    </ClCompile>
    <ClCompile Include="stdafx.cpp">
      <Filter>Source</Filter>
    </ClCompile>
    <ClCompile Include="Window\WinApp.cpp">
      <Filter>Window\Source</Filter>
    </ClCompile>
    <ClCompile Include="Scene\Scene.cpp">
      <Filter>Scene\Source</Filter>
    </ClCompile>
    <ClCompile Include="Scene\Camera.cpp">
      <Filter>Scene\Source</Filter>
    </ClCompile>
    <ClCompile Include="Renderer\Context.cpp">
      <Filter>Renderer\Source</Filter>
    </ClCompile>
    <ClCompile Include="Renderer\Texture.cpp">
      <Filter>Renderer\Source</Filter>
    </ClCompile>
    <ClCompile Include="main.cpp">
      <Filter>Source</Filter>
    </ClCompile>
  </ItemGroup>
</Project>