<?xml version="1.0" encoding="utf-8"?>
<Project ToolsVersion="4.0" xmlns="http://schemas.microsoft.com/developer/msbuild/2003">
  <ItemGroup>
    <Filter Include="资源文件">
      <UniqueIdentifier>{67DA6AB6-F800-4c08-8B7A-83BB121AAD01}</UniqueIdentifier>
      <Extensions>rc;ico;cur;bmp;dlg;rc2;rct;bin;rgs;gif;jpg;jpeg;jpe;resx;tiff;tif;png;wav;mfcribbon-ms</Extensions>
    </Filter>
    <Filter Include="Window">
      <UniqueIdentifier>{b21bc945-053c-4a5b-bd97-9bf33f0600f9}</UniqueIdentifier>
    </Filter>
    <Filter Include="Window\Header">
      <UniqueIdentifier>{24d7dd1a-7bd5-40dc-a494-dd104bd10a62}</UniqueIdentifier>
    </Filter>
    <Filter Include="Window\Source">
      <UniqueIdentifier>{a1d6465b-3b13-420c-9bfc-dfb0243319aa}</UniqueIdentifier>
    </Filter>
    <Filter Include="App">
      <UniqueIdentifier>{55e8c5a0-c01d-4bd9-88b0-567c2507015b}</UniqueIdentifier>
    </Filter>
    <Filter Include="Source">
      <UniqueIdentifier>{a1a618d6-99a2-417c-9983-9ee30b8594d0}</UniqueIdentifier>
    </Filter>
    <Filter Include="Renderer">
      <UniqueIdentifier>{f4e3b589-597e-4009-b449-15cc2f3bb7cc}</UniqueIdentifier>
    </Filter>
    <Filter Include="Core">
      <UniqueIdentifier>{88eaefb5-2069-485f-9043-37684750c8aa}</UniqueIdentifier>
    </Filter>
    <Filter Include="Scene">
      <UniqueIdentifier>{c1c9e2e9-267a-424b-82d8-7bfb5b41f109}</UniqueIdentifier>
    </Filter>
  </ItemGroup>
  <ItemGroup>
    <ClInclude Include="Window\events.h">
      <Filter>Window\Header</Filter>
    </ClInclude>
    <ClInclude Include="stdafx.h">
      <Filter>Source</Filter>
    </ClInclude>
    <ClInclude Include="Window\WinBase.h">
      <Filter>Window\Header</Filter>
    </ClInclude>
    <ClInclude Include="Window\WinApp.h">
      <Filter>Window\Header</Filter>
    </ClInclude>
    <ClInclude Include="Vec2.h">
      <Filter>Core</Filter>
    </ClInclude>
    <ClInclude Include="Vec3.h">
      <Filter>Core</Filter>
    </ClInclude>
    <ClInclude Include="Vec4.h">
      <Filter>Core</Filter>
    </ClInclude>
    <ClInclude Include="Mat4.h">
      <Filter>Core</Filter>
    </ClInclude>
  </ItemGroup>
  <ItemGroup>
    <ClCompile Include="Window\events.cpp">
      <Filter>Window\Source</Filter>
    </ClCompile>
    <ClCompile Include="App\main.cpp">
      <Filter>App</Filter>
    </ClCompile>
    <ClCompile Include="stdafx.cpp">
      <Filter>Source</Filter>
    </ClCompile>
    <ClCompile Include="Window\WinBase.cpp">
      <Filter>Window\Source</Filter>
    </ClCompile>
    <ClCompile Include="Window\WinApp.cpp">
      <Filter>Window\Source</Filter>
    </ClCompile>
  </ItemGroup>
</Project>